
Microsoft Visual Studio Solution File, Format Version 12.00
# Visual Studio Version 17
VisualStudioVersion = 17.1.32228.430
MinimumVisualStudioVersion = 10.0.40219.1
Project("{2150E333-8FDC-42A3-9474-1A3956D46DE8}") = "1. NuGet", "1. NuGet", "{417789D4-9372-4C85-B9DF-68B2AAC2F2D5}"
EndProject
Project("{2150E333-8FDC-42A3-9474-1A3956D46DE8}") = "2. npm", "2. npm", "{7FCD9EF4-F6A3-4DAD-8D50-B7C14E38608D}"
EndProject
Project("{2150E333-8FDC-42A3-9474-1A3956D46DE8}") = "3. Tests", "3. Tests", "{079D0357-D2C4-4FF5-969D-CDA567A4170C}"
EndProject
Project("{2150E333-8FDC-42A3-9474-1A3956D46DE8}") = "4. Examples", "4. Examples", "{1B02D724-E788-4821-9E5B-A16658888912}"
EndProject
Project("{9A19103F-16F7-4668-BE54-9A1E7A4F7556}") = "ChustaSoft.Tools.Authorization", "NuGet\ChustaSoft.Tools.Authorization\ChustaSoft.Tools.Authorization.csproj", "{12321682-8858-495E-8C51-8FE1AC918DD6}"
EndProject
Project("{9A19103F-16F7-4668-BE54-9A1E7A4F7556}") = "ChustaSoft.Tools.Authorization.Abstractions", "NuGet\ChustaSoft.Tools.Authorization.Abstractions\ChustaSoft.Tools.Authorization.Abstractions.csproj", "{953F2928-A631-4A93-9304-D17BC972B533}"
EndProject
Project("{9A19103F-16F7-4668-BE54-9A1E7A4F7556}") = "ChustaSoft.Tools.Authorization.AspNet.JWTBearer", "NuGet\ChustaSoft.Tools.Authorization.AspNet.JWTBearer\ChustaSoft.Tools.Authorization.AspNet.JWTBearer.csproj", "{EE0B72D1-CAD9-443E-A86C-F9573CFF5969}"
EndProject
Project("{9A19103F-16F7-4668-BE54-9A1E7A4F7556}") = "ChustaSoft.Tools.Authorization.SqlServer", "NuGet\ChustaSoft.Tools.Authorization.SqlServer\ChustaSoft.Tools.Authorization.SqlServer.csproj", "{83BCE83D-C36A-4A05-A4F4-9355F7E25730}"
EndProject
Project("{9A19103F-16F7-4668-BE54-9A1E7A4F7556}") = "ChustaSoft.Tools.Authorization.UnitTest", "NuGet\ChustaSoft.Tools.Authorization.UnitTest\ChustaSoft.Tools.Authorization.UnitTest.csproj", "{BA81678F-6279-4006-AF66-9A8FE4171BCA}"
EndProject
Project("{9A19103F-16F7-4668-BE54-9A1E7A4F7556}") = "ChustaSoft.Tools.Authorization.TestConsumer.WebUI", "Examples\.NetCore 3.1\ChustaSoft.Tools.Authorization.TestConsumer.WebUI\ChustaSoft.Tools.Authorization.TestConsumer.WebUI.csproj", "{504D4550-FF38-4221-80DC-73A22DE17E71}"
EndProject
Project("{9A19103F-16F7-4668-BE54-9A1E7A4F7556}") = "ChustaSoft.Tools.Authorization.TestBasic.WebAPI", "Examples\.NetCore 3.1\ChustaSoft.Tools.Authorization.TestBasic.WebAPI\ChustaSoft.Tools.Authorization.TestBasic.WebAPI.csproj", "{0A61C7EF-1102-4B38-ADC1-F62A4DBBD9E8}"
EndProject
Project("{9A19103F-16F7-4668-BE54-9A1E7A4F7556}") = "ChustaSoft.Tools.Authorization.TestCustom.WebAPI", "Examples\.NetCore 3.1\ChustaSoft.Tools.Authorization.TestCustom.WebAPI\ChustaSoft.Tools.Authorization.TestCustom.WebAPI.csproj", "{53AB1936-6CB5-4133-AB14-424EDC14BB7A}"
EndProject
Project("{9092AA53-FB77-4645-B42D-1CCCA6BD08BD}") = "cs-authorization-connector", "npm\cs-authorization-connector\cs-authorization-connector.njsproj", "{5BBCC169-361D-4F66-9DAC-98203AA6D4FB}"
EndProject
Project("{2150E333-8FDC-42A3-9474-1A3956D46DE8}") = ".Net Core 3.1", ".Net Core 3.1", "{1A110FBC-9D96-46DE-B219-60AB8AABE1B8}"
EndProject
Project("{2150E333-8FDC-42A3-9474-1A3956D46DE8}") = ".NET 5,0", ".NET 5,0", "{32968A3E-2837-4849-B492-F1533EA2FDD7}"
EndProject
Project("{9A19103F-16F7-4668-BE54-9A1E7A4F7556}") = "ChustaSoft.Tools.Authorization.TestBasic.WebAPI", "Examples\.NET 5.0\ChustaSoft.Tools.Authorization.TestBasic.WebAPI\ChustaSoft.Tools.Authorization.TestBasic.WebAPI.csproj", "{16B8FC8E-CCB4-46D4-89E9-E880C94D027D}"
EndProject
Project("{9A19103F-16F7-4668-BE54-9A1E7A4F7556}") = "ChustaSoft.Tools.Authorization.OAuth.Provider", "NuGet\ChustaSoft.Tools.Authorization.OAuth.Provider\ChustaSoft.Tools.Authorization.OAuth.Provider.csproj", "{08B41227-5F20-41F1-82C2-E36E3A735062}"
EndProject
Project("{9A19103F-16F7-4668-BE54-9A1E7A4F7556}") = "ChustaSoft.Tools.Authorization.TestOAuth.IDP", "Examples\OAuth\ChustaSoft.Tools.Authorization.TestOAuth.IDP\ChustaSoft.Tools.Authorization.TestOAuth.IDP.csproj", "{643CB023-0356-4D07-AB1B-8D45DF2828E9}"
EndProject
Project("{9A19103F-16F7-4668-BE54-9A1E7A4F7556}") = "ChustaSoft.Tools.Authorization.TestOAuth.WebClient", "Examples\OAuth\ChustaSoft.Tools.Authorization.TestOAuth.WebClient\ChustaSoft.Tools.Authorization.TestOAuth.WebClient.csproj", "{4F1E318B-902B-4B04-B1C6-C47CF8C49049}"
EndProject
Project("{2150E333-8FDC-42A3-9474-1A3956D46DE8}") = "OAuth", "OAuth", "{13C13A20-BCD6-4457-8C8A-C5D651961687}"
EndProject
Project("{9A19103F-16F7-4668-BE54-9A1E7A4F7556}") = "ChustaSoft.Tools.Authorization.TestOAuth.WebAPI", "Examples\OAuth\ChustaSoft.Tools.Authorization.TestOAuth.WebAPI\ChustaSoft.Tools.Authorization.TestOAuth.WebAPI.csproj", "{7C13400D-132A-4DA5-AD94-4C5A10A3A974}"
EndProject
Project("{9A19103F-16F7-4668-BE54-9A1E7A4F7556}") = "ChustaSoft.Tools.Authorization.OAuth.Provider.SqlServer", "NuGet\ChustaSoft.Tools.Authorization.OAuth.Provider.SqlServer\ChustaSoft.Tools.Authorization.OAuth.Provider.SqlServer.csproj", "{2A30F03E-0555-494E-9B98-8834FFC8AA9C}"
EndProject
Project("{9A19103F-16F7-4668-BE54-9A1E7A4F7556}") = "ChustaSoft.Tools.Authorization.JWTBearer", "NuGet\ChustaSoft.Tools.Authorization.JWTBearer\ChustaSoft.Tools.Authorization.JWTBearer.csproj", "{668A956C-6BE6-4EC5-B5DE-9458F4F7A832}"
EndProject
Project("{2150E333-8FDC-42A3-9474-1A3956D46DE8}") = "JWTBearer", "JWTBearer", "{8D033238-5A83-4A5F-AD2C-DE8A20B6236F}"
EndProject
Project("{9A19103F-16F7-4668-BE54-9A1E7A4F7556}") = "ChustaSoft.Tools.Authorization.AspNet", "NuGet\ChustaSoft.Tools.Authorization.AspNet\ChustaSoft.Tools.Authorization.AspNet.csproj", "{E49E0BFE-44C3-4B05-B718-B83BAE02AA0A}"
EndProject
Project("{9A19103F-16F7-4668-BE54-9A1E7A4F7556}") = "ChustaSoft.Tools.Authorization.Basic", "NuGet\ChustaSoft.Tools.Authorization.Basic\ChustaSoft.Tools.Authorization.Basic.csproj", "{97CBC58B-25C6-421D-8E71-F5FC5C5BDD66}"
EndProject
Project("{2150E333-8FDC-42A3-9474-1A3956D46DE8}") = "Basic", "Basic", "{FEFE06CE-40AE-4CF7-B71E-C72B06D2EF50}"
EndProject
Project("{FAE04EC0-301F-11D3-BF4B-00C04F79EFBC}") = "ChustaSoft.Tools.Authorization.Basic.WebAPI", "Examples\Basic\ChustaSoft.Tools.Authorization.Basic.WebAPI.csproj", "{77AD5715-93AF-4061-AF0B-85BEAC4CDA2E}"
EndProject
Project("{2150E333-8FDC-42A3-9474-1A3956D46DE8}") = "5. Documentation", "5. Documentation", "{F7119101-169A-4C37-ADCA-7BF6AE16A3CF}"
	ProjectSection(SolutionItems) = preProject
		LICENSE = LICENSE
		README.md = README.md
	EndProjectSection
EndProject
Global
	GlobalSection(SolutionConfigurationPlatforms) = preSolution
		Debug|Any CPU = Debug|Any CPU
		Release|Any CPU = Release|Any CPU
	EndGlobalSection
	GlobalSection(ProjectConfigurationPlatforms) = postSolution
		{12321682-8858-495E-8C51-8FE1AC918DD6}.Debug|Any CPU.ActiveCfg = Debug|Any CPU
		{12321682-8858-495E-8C51-8FE1AC918DD6}.Debug|Any CPU.Build.0 = Debug|Any CPU
		{12321682-8858-495E-8C51-8FE1AC918DD6}.Release|Any CPU.ActiveCfg = Release|Any CPU
		{12321682-8858-495E-8C51-8FE1AC918DD6}.Release|Any CPU.Build.0 = Release|Any CPU
		{953F2928-A631-4A93-9304-D17BC972B533}.Debug|Any CPU.ActiveCfg = Debug|Any CPU
		{953F2928-A631-4A93-9304-D17BC972B533}.Debug|Any CPU.Build.0 = Debug|Any CPU
		{953F2928-A631-4A93-9304-D17BC972B533}.Release|Any CPU.ActiveCfg = Release|Any CPU
		{953F2928-A631-4A93-9304-D17BC972B533}.Release|Any CPU.Build.0 = Release|Any CPU
		{EE0B72D1-CAD9-443E-A86C-F9573CFF5969}.Debug|Any CPU.ActiveCfg = Debug|Any CPU
		{EE0B72D1-CAD9-443E-A86C-F9573CFF5969}.Debug|Any CPU.Build.0 = Debug|Any CPU
		{EE0B72D1-CAD9-443E-A86C-F9573CFF5969}.Release|Any CPU.ActiveCfg = Release|Any CPU
		{EE0B72D1-CAD9-443E-A86C-F9573CFF5969}.Release|Any CPU.Build.0 = Release|Any CPU
		{83BCE83D-C36A-4A05-A4F4-9355F7E25730}.Debug|Any CPU.ActiveCfg = Debug|Any CPU
		{83BCE83D-C36A-4A05-A4F4-9355F7E25730}.Debug|Any CPU.Build.0 = Debug|Any CPU
		{83BCE83D-C36A-4A05-A4F4-9355F7E25730}.Release|Any CPU.ActiveCfg = Release|Any CPU
		{83BCE83D-C36A-4A05-A4F4-9355F7E25730}.Release|Any CPU.Build.0 = Release|Any CPU
		{BA81678F-6279-4006-AF66-9A8FE4171BCA}.Debug|Any CPU.ActiveCfg = Debug|Any CPU
		{BA81678F-6279-4006-AF66-9A8FE4171BCA}.Debug|Any CPU.Build.0 = Debug|Any CPU
		{BA81678F-6279-4006-AF66-9A8FE4171BCA}.Release|Any CPU.ActiveCfg = Release|Any CPU
		{BA81678F-6279-4006-AF66-9A8FE4171BCA}.Release|Any CPU.Build.0 = Release|Any CPU
		{504D4550-FF38-4221-80DC-73A22DE17E71}.Debug|Any CPU.ActiveCfg = Debug|Any CPU
		{504D4550-FF38-4221-80DC-73A22DE17E71}.Debug|Any CPU.Build.0 = Debug|Any CPU
		{504D4550-FF38-4221-80DC-73A22DE17E71}.Release|Any CPU.ActiveCfg = Release|Any CPU
		{504D4550-FF38-4221-80DC-73A22DE17E71}.Release|Any CPU.Build.0 = Release|Any CPU
		{0A61C7EF-1102-4B38-ADC1-F62A4DBBD9E8}.Debug|Any CPU.ActiveCfg = Debug|Any CPU
		{0A61C7EF-1102-4B38-ADC1-F62A4DBBD9E8}.Debug|Any CPU.Build.0 = Debug|Any CPU
		{0A61C7EF-1102-4B38-ADC1-F62A4DBBD9E8}.Release|Any CPU.ActiveCfg = Release|Any CPU
		{0A61C7EF-1102-4B38-ADC1-F62A4DBBD9E8}.Release|Any CPU.Build.0 = Release|Any CPU
		{53AB1936-6CB5-4133-AB14-424EDC14BB7A}.Debug|Any CPU.ActiveCfg = Debug|Any CPU
		{53AB1936-6CB5-4133-AB14-424EDC14BB7A}.Debug|Any CPU.Build.0 = Debug|Any CPU
		{53AB1936-6CB5-4133-AB14-424EDC14BB7A}.Release|Any CPU.ActiveCfg = Release|Any CPU
		{53AB1936-6CB5-4133-AB14-424EDC14BB7A}.Release|Any CPU.Build.0 = Release|Any CPU
		{5BBCC169-361D-4F66-9DAC-98203AA6D4FB}.Debug|Any CPU.ActiveCfg = Debug|Any CPU
		{5BBCC169-361D-4F66-9DAC-98203AA6D4FB}.Debug|Any CPU.Build.0 = Debug|Any CPU
		{5BBCC169-361D-4F66-9DAC-98203AA6D4FB}.Release|Any CPU.ActiveCfg = Release|Any CPU
		{5BBCC169-361D-4F66-9DAC-98203AA6D4FB}.Release|Any CPU.Build.0 = Release|Any CPU
		{16B8FC8E-CCB4-46D4-89E9-E880C94D027D}.Debug|Any CPU.ActiveCfg = Debug|Any CPU
		{16B8FC8E-CCB4-46D4-89E9-E880C94D027D}.Debug|Any CPU.Build.0 = Debug|Any CPU
		{16B8FC8E-CCB4-46D4-89E9-E880C94D027D}.Release|Any CPU.ActiveCfg = Release|Any CPU
		{16B8FC8E-CCB4-46D4-89E9-E880C94D027D}.Release|Any CPU.Build.0 = Release|Any CPU
		{08B41227-5F20-41F1-82C2-E36E3A735062}.Debug|Any CPU.ActiveCfg = Debug|Any CPU
		{08B41227-5F20-41F1-82C2-E36E3A735062}.Debug|Any CPU.Build.0 = Debug|Any CPU
		{08B41227-5F20-41F1-82C2-E36E3A735062}.Release|Any CPU.ActiveCfg = Release|Any CPU
		{08B41227-5F20-41F1-82C2-E36E3A735062}.Release|Any CPU.Build.0 = Release|Any CPU
		{643CB023-0356-4D07-AB1B-8D45DF2828E9}.Debug|Any CPU.ActiveCfg = Debug|Any CPU
		{643CB023-0356-4D07-AB1B-8D45DF2828E9}.Debug|Any CPU.Build.0 = Debug|Any CPU
		{643CB023-0356-4D07-AB1B-8D45DF2828E9}.Release|Any CPU.ActiveCfg = Release|Any CPU
		{643CB023-0356-4D07-AB1B-8D45DF2828E9}.Release|Any CPU.Build.0 = Release|Any CPU
		{4F1E318B-902B-4B04-B1C6-C47CF8C49049}.Debug|Any CPU.ActiveCfg = Debug|Any CPU
		{4F1E318B-902B-4B04-B1C6-C47CF8C49049}.Debug|Any CPU.Build.0 = Debug|Any CPU
		{4F1E318B-902B-4B04-B1C6-C47CF8C49049}.Release|Any CPU.ActiveCfg = Release|Any CPU
		{4F1E318B-902B-4B04-B1C6-C47CF8C49049}.Release|Any CPU.Build.0 = Release|Any CPU
		{7C13400D-132A-4DA5-AD94-4C5A10A3A974}.Debug|Any CPU.ActiveCfg = Debug|Any CPU
		{7C13400D-132A-4DA5-AD94-4C5A10A3A974}.Debug|Any CPU.Build.0 = Debug|Any CPU
		{7C13400D-132A-4DA5-AD94-4C5A10A3A974}.Release|Any CPU.ActiveCfg = Release|Any CPU
		{7C13400D-132A-4DA5-AD94-4C5A10A3A974}.Release|Any CPU.Build.0 = Release|Any CPU
		{2A30F03E-0555-494E-9B98-8834FFC8AA9C}.Debug|Any CPU.ActiveCfg = Debug|Any CPU
		{2A30F03E-0555-494E-9B98-8834FFC8AA9C}.Debug|Any CPU.Build.0 = Debug|Any CPU
		{2A30F03E-0555-494E-9B98-8834FFC8AA9C}.Release|Any CPU.ActiveCfg = Release|Any CPU
		{2A30F03E-0555-494E-9B98-8834FFC8AA9C}.Release|Any CPU.Build.0 = Release|Any CPU
		{668A956C-6BE6-4EC5-B5DE-9458F4F7A832}.Debug|Any CPU.ActiveCfg = Debug|Any CPU
		{668A956C-6BE6-4EC5-B5DE-9458F4F7A832}.Debug|Any CPU.Build.0 = Debug|Any CPU
		{668A956C-6BE6-4EC5-B5DE-9458F4F7A832}.Release|Any CPU.ActiveCfg = Release|Any CPU
		{668A956C-6BE6-4EC5-B5DE-9458F4F7A832}.Release|Any CPU.Build.0 = Release|Any CPU
		{E49E0BFE-44C3-4B05-B718-B83BAE02AA0A}.Debug|Any CPU.ActiveCfg = Debug|Any CPU
		{E49E0BFE-44C3-4B05-B718-B83BAE02AA0A}.Debug|Any CPU.Build.0 = Debug|Any CPU
		{E49E0BFE-44C3-4B05-B718-B83BAE02AA0A}.Release|Any CPU.ActiveCfg = Release|Any CPU
		{E49E0BFE-44C3-4B05-B718-B83BAE02AA0A}.Release|Any CPU.Build.0 = Release|Any CPU
		{97CBC58B-25C6-421D-8E71-F5FC5C5BDD66}.Debug|Any CPU.ActiveCfg = Debug|Any CPU
		{97CBC58B-25C6-421D-8E71-F5FC5C5BDD66}.Debug|Any CPU.Build.0 = Debug|Any CPU
		{97CBC58B-25C6-421D-8E71-F5FC5C5BDD66}.Release|Any CPU.ActiveCfg = Release|Any CPU
		{97CBC58B-25C6-421D-8E71-F5FC5C5BDD66}.Release|Any CPU.Build.0 = Release|Any CPU
		{77AD5715-93AF-4061-AF0B-85BEAC4CDA2E}.Debug|Any CPU.ActiveCfg = Debug|Any CPU
		{77AD5715-93AF-4061-AF0B-85BEAC4CDA2E}.Debug|Any CPU.Build.0 = Debug|Any CPU
		{77AD5715-93AF-4061-AF0B-85BEAC4CDA2E}.Release|Any CPU.ActiveCfg = Release|Any CPU
		{77AD5715-93AF-4061-AF0B-85BEAC4CDA2E}.Release|Any CPU.Build.0 = Release|Any CPU
	EndGlobalSection
	GlobalSection(SolutionProperties) = preSolution
		HideSolutionNode = FALSE
	EndGlobalSection
	GlobalSection(NestedProjects) = preSolution
		{12321682-8858-495E-8C51-8FE1AC918DD6} = {417789D4-9372-4C85-B9DF-68B2AAC2F2D5}
		{953F2928-A631-4A93-9304-D17BC972B533} = {417789D4-9372-4C85-B9DF-68B2AAC2F2D5}
		{EE0B72D1-CAD9-443E-A86C-F9573CFF5969} = {417789D4-9372-4C85-B9DF-68B2AAC2F2D5}
		{83BCE83D-C36A-4A05-A4F4-9355F7E25730} = {417789D4-9372-4C85-B9DF-68B2AAC2F2D5}
		{BA81678F-6279-4006-AF66-9A8FE4171BCA} = {079D0357-D2C4-4FF5-969D-CDA567A4170C}
		{504D4550-FF38-4221-80DC-73A22DE17E71} = {1A110FBC-9D96-46DE-B219-60AB8AABE1B8}
		{0A61C7EF-1102-4B38-ADC1-F62A4DBBD9E8} = {1A110FBC-9D96-46DE-B219-60AB8AABE1B8}
		{53AB1936-6CB5-4133-AB14-424EDC14BB7A} = {1A110FBC-9D96-46DE-B219-60AB8AABE1B8}
		{5BBCC169-361D-4F66-9DAC-98203AA6D4FB} = {7FCD9EF4-F6A3-4DAD-8D50-B7C14E38608D}
		{1A110FBC-9D96-46DE-B219-60AB8AABE1B8} = {8D033238-5A83-4A5F-AD2C-DE8A20B6236F}
		{32968A3E-2837-4849-B492-F1533EA2FDD7} = {8D033238-5A83-4A5F-AD2C-DE8A20B6236F}
		{16B8FC8E-CCB4-46D4-89E9-E880C94D027D} = {32968A3E-2837-4849-B492-F1533EA2FDD7}
		{08B41227-5F20-41F1-82C2-E36E3A735062} = {417789D4-9372-4C85-B9DF-68B2AAC2F2D5}
		{643CB023-0356-4D07-AB1B-8D45DF2828E9} = {13C13A20-BCD6-4457-8C8A-C5D651961687}
		{4F1E318B-902B-4B04-B1C6-C47CF8C49049} = {13C13A20-BCD6-4457-8C8A-C5D651961687}
		{13C13A20-BCD6-4457-8C8A-C5D651961687} = {1B02D724-E788-4821-9E5B-A16658888912}
		{7C13400D-132A-4DA5-AD94-4C5A10A3A974} = {13C13A20-BCD6-4457-8C8A-C5D651961687}
		{2A30F03E-0555-494E-9B98-8834FFC8AA9C} = {417789D4-9372-4C85-B9DF-68B2AAC2F2D5}
		{668A956C-6BE6-4EC5-B5DE-9458F4F7A832} = {417789D4-9372-4C85-B9DF-68B2AAC2F2D5}
		{8D033238-5A83-4A5F-AD2C-DE8A20B6236F} = {1B02D724-E788-4821-9E5B-A16658888912}
		{E49E0BFE-44C3-4B05-B718-B83BAE02AA0A} = {417789D4-9372-4C85-B9DF-68B2AAC2F2D5}
		{97CBC58B-25C6-421D-8E71-F5FC5C5BDD66} = {417789D4-9372-4C85-B9DF-68B2AAC2F2D5}
		{FEFE06CE-40AE-4CF7-B71E-C72B06D2EF50} = {1B02D724-E788-4821-9E5B-A16658888912}
		{77AD5715-93AF-4061-AF0B-85BEAC4CDA2E} = {FEFE06CE-40AE-4CF7-B71E-C72B06D2EF50}
	EndGlobalSection
	GlobalSection(ExtensibilityGlobals) = postSolution
		SolutionGuid = {C5056E0F-5434-434A-8A4E-A5214A704B64}
	EndGlobalSection
EndGlobal
