{
  "name": "@chustasoft/cs-authorization-connector",
  "version": "0.0.0-beta.4",
  "lockfileVersion": 1,
  "requires": true,
  "dependencies": {
    "@chustasoft/cs-common": {
      "version": "0.0.0-beta.3",
      "resolved": "https://registry.npmjs.org/@chustasoft/cs-common/-/cs-common-0.0.0-beta.3.tgz",
      "integrity": "sha512-UUPCjI0egoEyHNzUg7yY8jPevOeOHvMDSI1vLSGXZUSljGxCNqU+8ryJrj8V78q4sXv4ItY7wZy8xljKaNKHyw=="
    }
  }
}
