{
  "name": "@chustasoft/cs-authorization-connector",
  "version": "1.1.1-beta.1",
  "lockfileVersion": 1,
  "requires": true,
  "dependencies": {
    "@chustasoft/cs-common": {
      "version": "1.2.0",
      "resolved": "https://registry.npmjs.org/@chustasoft/cs-common/-/cs-common-1.2.0.tgz",
      "integrity": "sha512-d1gbNmX2shss8ksznVjkq3Abb/e0QETjM0CrNJ95w18AjPYaqfwRRHjnLJ7zwsb6xovaTvffQfNFETovU21mag=="
    }
  }
}
