{
  "name": "@chustasoft/cs-authorization-connector",
  "version": "1.1.1-beta.3",
  "lockfileVersion": 1,
  "requires": true,
  "dependencies": {
    "@chustasoft/cs-common": {
      "version": "1.2.1",
      "resolved": "https://registry.npmjs.org/@chustasoft/cs-common/-/cs-common-1.2.1.tgz",
      "integrity": "sha512-VFmYl13g5UUM6GK8hGNJMRKcDwbMgcp7zdzFZckVM/6KnIvq6ceEoxcSz2UjvQQjOl3+Fo2JrtIvlmlUiOE5Fg=="
    }
  }
}
