{
  "name": "@chustasoft/cs-authorization-connector",
  "version": "0.0.0-beta.1",
  "lockfileVersion": 1,
  "requires": true,
  "dependencies": {
    "@chustasoft/cs-common": {
      "version": "0.0.0-beta.2",
      "resolved": "https://registry.npmjs.org/@chustasoft/cs-common/-/cs-common-0.0.0-beta.2.tgz",
      "integrity": "sha512-mC0hX9Lh9QLF/Jk62H1uDfW23Nlq4DZAgw6s+PKt7Wu9VrPRzVmcuQLOb5kRSOrzQzDW5GWHM/14LmUrsguAtw=="
    }
  }
}
